
Microsoft Visual Studio Solution File, Format Version 12.00
# Visual Studio Version 16
VisualStudioVersion = 16.0.33920.266
MinimumVisualStudioVersion = 10.0.40219.1
Project("{FAE04EC0-301F-11D3-BF4B-00C04F79EFBC}") = "WindowsFormsApp6", "WindowsFormsApp6\WindowsFormsApp6.csproj", "{DF2FAF3B-561A-40A2-A718-6A2F67829D72}"
EndProject
Global
	GlobalSection(SolutionConfigurationPlatforms) = preSolution
		Debug|Any CPU = Debug|Any CPU
		Release|Any CPU = Release|Any CPU
	EndGlobalSection
	GlobalSection(ProjectConfigurationPlatforms) = postSolution
		{DF2FAF3B-561A-40A2-A718-6A2F67829D72}.Debug|Any CPU.ActiveCfg = Debug|Any CPU
		{DF2FAF3B-561A-40A2-A718-6A2F67829D72}.Debug|Any CPU.Build.0 = Debug|Any CPU
		{DF2FAF3B-561A-40A2-A718-6A2F67829D72}.Release|Any CPU.ActiveCfg = Release|Any CPU
		{DF2FAF3B-561A-40A2-A718-6A2F67829D72}.Release|Any CPU.Build.0 = Release|Any CPU
	EndGlobalSection
	GlobalSection(SolutionProperties) = preSolution
		HideSolutionNode = FALSE
	EndGlobalSection
	GlobalSection(ExtensibilityGlobals) = postSolution
		SolutionGuid = {8A8EE0B9-B05C-4725-95B8-73897C702FBB}
	EndGlobalSection
EndGlobal
