
Microsoft Visual Studio Solution File, Format Version 12.00
# Visual Studio Version 16
VisualStudioVersion = 16.0.33920.266
MinimumVisualStudioVersion = 10.0.40219.1
Project("{FAE04EC0-301F-11D3-BF4B-00C04F79EFBC}") = "Prac1", "Prac1\Prac1.csproj", "{785E4E47-34B9-4443-8656-8FE189251281}"
EndProject
Global
	GlobalSection(SolutionConfigurationPlatforms) = preSolution
		Debug|Any CPU = Debug|Any CPU
		Release|Any CPU = Release|Any CPU
	EndGlobalSection
	GlobalSection(ProjectConfigurationPlatforms) = postSolution
		{785E4E47-34B9-4443-8656-8FE189251281}.Debug|Any CPU.ActiveCfg = Debug|Any CPU
		{785E4E47-34B9-4443-8656-8FE189251281}.Debug|Any CPU.Build.0 = Debug|Any CPU
		{785E4E47-34B9-4443-8656-8FE189251281}.Release|Any CPU.ActiveCfg = Release|Any CPU
		{785E4E47-34B9-4443-8656-8FE189251281}.Release|Any CPU.Build.0 = Release|Any CPU
	EndGlobalSection
	GlobalSection(SolutionProperties) = preSolution
		HideSolutionNode = FALSE
	EndGlobalSection
	GlobalSection(ExtensibilityGlobals) = postSolution
		SolutionGuid = {4B0BB01A-0527-438A-BB70-0FD348E36866}
	EndGlobalSection
EndGlobal
